
Microsoft Visual Studio Solution File, Format Version 12.00
# Visual Studio Version 16
VisualStudioVersion = 16.0.30114.105
MinimumVisualStudioVersion = 10.0.40219.1
Project("{FAE04EC0-301F-11D3-BF4B-00C04F79EFBC}") = "Vasont.AspnetCore.RedisClient", "src\Vasont.AspnetCore.RedisClient.csproj", "{B38AC16B-AE69-4A3F-8D83-82A15C6A210F}"
EndProject
Global
	GlobalSection(SolutionConfigurationPlatforms) = preSolution
		Debug|Any CPU = Debug|Any CPU
		Release|Any CPU = Release|Any CPU
	EndGlobalSection
	GlobalSection(ProjectConfigurationPlatforms) = postSolution
		{B38AC16B-AE69-4A3F-8D83-82A15C6A210F}.Debug|Any CPU.ActiveCfg = Debug|Any CPU
		{B38AC16B-AE69-4A3F-8D83-82A15C6A210F}.Debug|Any CPU.Build.0 = Debug|Any CPU
		{B38AC16B-AE69-4A3F-8D83-82A15C6A210F}.Release|Any CPU.ActiveCfg = Release|Any CPU
		{B38AC16B-AE69-4A3F-8D83-82A15C6A210F}.Release|Any CPU.Build.0 = Release|Any CPU
	EndGlobalSection
	GlobalSection(SolutionProperties) = preSolution
		HideSolutionNode = FALSE
	EndGlobalSection
	GlobalSection(ExtensibilityGlobals) = postSolution
		SolutionGuid = {ABB69A91-CE1A-465A-A5A6-DB8AED466DD9}
	EndGlobalSection
EndGlobal
